
Microsoft Visual Studio Solution File, Format Version 12.00
# Visual Studio Version 16
VisualStudioVersion = 16.0.31005.135
MinimumVisualStudioVersion = 10.0.40219.1
Project("{FAE04EC0-301F-11D3-BF4B-00C04F79EFBC}") = "Taarafo.Core", "Taarafo.Core\Taarafo.Core.csproj", "{DA0960A7-7E49-4DC3-80E5-42A9576DB550}"
EndProject
Global
	GlobalSection(SolutionConfigurationPlatforms) = preSolution
		Debug|Any CPU = Debug|Any CPU
		Release|Any CPU = Release|Any CPU
	EndGlobalSection
	GlobalSection(ProjectConfigurationPlatforms) = postSolution
		{DA0960A7-7E49-4DC3-80E5-42A9576DB550}.Debug|Any CPU.ActiveCfg = Debug|Any CPU
		{DA0960A7-7E49-4DC3-80E5-42A9576DB550}.Debug|Any CPU.Build.0 = Debug|Any CPU
		{DA0960A7-7E49-4DC3-80E5-42A9576DB550}.Release|Any CPU.ActiveCfg = Release|Any CPU
		{DA0960A7-7E49-4DC3-80E5-42A9576DB550}.Release|Any CPU.Build.0 = Release|Any CPU
	EndGlobalSection
	GlobalSection(SolutionProperties) = preSolution
		HideSolutionNode = FALSE
	EndGlobalSection
	GlobalSection(ExtensibilityGlobals) = postSolution
		SolutionGuid = {6B47F6BE-A3B9-4AB8-90D5-A2C5615A9281}
	EndGlobalSection
EndGlobal
