
Microsoft Visual Studio Solution File, Format Version 12.00
# Visual Studio Version 17
VisualStudioVersion = 17.0.31815.197
MinimumVisualStudioVersion = 10.0.40219.1
Project("{9A19103F-16F7-4668-BE54-9A1E7A4F7556}") = "Taarafo.Core", "Taarafo.Core\Taarafo.Core.csproj", "{DA0960A7-7E49-4DC3-80E5-42A9576DB550}"
EndProject
Project("{9A19103F-16F7-4668-BE54-9A1E7A4F7556}") = "Taarafo.Core.Tests.Unit", "Taarafo.Core.Tests.Unit\Taarafo.Core.Tests.Unit.csproj", "{606EBFB4-2D90-42D5-946F-A932A326E520}"
EndProject
Project("{9A19103F-16F7-4668-BE54-9A1E7A4F7556}") = "Taarafo.Core.Tests.Acceptance", "Taarafo.Core.Tests.Acceptance\Taarafo.Core.Tests.Acceptance.csproj", "{006BFD4C-7F38-4F10-B772-D4A793D9194D}"
EndProject
Project("{FAE04EC0-301F-11D3-BF4B-00C04F79EFBC}") = "Taarafo.Core.Infrastructure.Build", "Taarafo.Core.Infrastructure.Build\Taarafo.Core.Infrastructure.Build.csproj", "{8F563F23-5136-42F3-916A-C7CFDA0CF424}"
EndProject
Global
	GlobalSection(SolutionConfigurationPlatforms) = preSolution
		Debug|Any CPU = Debug|Any CPU
		Release|Any CPU = Release|Any CPU
	EndGlobalSection
	GlobalSection(ProjectConfigurationPlatforms) = postSolution
		{DA0960A7-7E49-4DC3-80E5-42A9576DB550}.Debug|Any CPU.ActiveCfg = Debug|Any CPU
		{DA0960A7-7E49-4DC3-80E5-42A9576DB550}.Debug|Any CPU.Build.0 = Debug|Any CPU
		{DA0960A7-7E49-4DC3-80E5-42A9576DB550}.Release|Any CPU.ActiveCfg = Release|Any CPU
		{DA0960A7-7E49-4DC3-80E5-42A9576DB550}.Release|Any CPU.Build.0 = Release|Any CPU
		{606EBFB4-2D90-42D5-946F-A932A326E520}.Debug|Any CPU.ActiveCfg = Debug|Any CPU
		{606EBFB4-2D90-42D5-946F-A932A326E520}.Debug|Any CPU.Build.0 = Debug|Any CPU
		{606EBFB4-2D90-42D5-946F-A932A326E520}.Release|Any CPU.ActiveCfg = Release|Any CPU
		{606EBFB4-2D90-42D5-946F-A932A326E520}.Release|Any CPU.Build.0 = Release|Any CPU
		{006BFD4C-7F38-4F10-B772-D4A793D9194D}.Debug|Any CPU.ActiveCfg = Debug|Any CPU
		{006BFD4C-7F38-4F10-B772-D4A793D9194D}.Debug|Any CPU.Build.0 = Debug|Any CPU
		{006BFD4C-7F38-4F10-B772-D4A793D9194D}.Release|Any CPU.ActiveCfg = Release|Any CPU
		{006BFD4C-7F38-4F10-B772-D4A793D9194D}.Release|Any CPU.Build.0 = Release|Any CPU
		{8F563F23-5136-42F3-916A-C7CFDA0CF424}.Debug|Any CPU.ActiveCfg = Debug|Any CPU
		{8F563F23-5136-42F3-916A-C7CFDA0CF424}.Debug|Any CPU.Build.0 = Debug|Any CPU
		{8F563F23-5136-42F3-916A-C7CFDA0CF424}.Release|Any CPU.ActiveCfg = Release|Any CPU
		{8F563F23-5136-42F3-916A-C7CFDA0CF424}.Release|Any CPU.Build.0 = Release|Any CPU
	EndGlobalSection
	GlobalSection(SolutionProperties) = preSolution
		HideSolutionNode = FALSE
	EndGlobalSection
	GlobalSection(ExtensibilityGlobals) = postSolution
		SolutionGuid = {6B47F6BE-A3B9-4AB8-90D5-A2C5615A9281}
	EndGlobalSection
EndGlobal
